
Microsoft Visual Studio Solution File, Format Version 12.00
# Visual Studio Version 16
VisualStudioVersion = 16.0.31624.102
MinimumVisualStudioVersion = 10.0.40219.1
Project("{9A19103F-16F7-4668-BE54-9A1E7A4F7556}") = "BAI_1.0_ONTAP_CSHARP1_CRUD", "BAI_1.0_ONTAP_CSHARP1_CRUD\BAI_1.0_ONTAP_CSHARP1_CRUD.csproj", "{C0CC3FD5-B554-4D3E-8B5A-174C4E061203}"
EndProject
Project("{FAE04EC0-301F-11D3-BF4B-00C04F79EFBC}") = "BAI_1.2_DELEGATE", "BAI_1.2_DELEGATE\BAI_1.2_DELEGATE.csproj", "{D874C090-E052-43F4-8B36-B0EAA159EC56}"
EndProject
Project("{9A19103F-16F7-4668-BE54-9A1E7A4F7556}") = "BAI_1.3_DELEGATE_ACTION_FUNC", "BAI_1.3_DELEGATE_ACTION_FUNC\BAI_1.3_DELEGATE_ACTION_FUNC.csproj", "{490B60F5-76B0-403F-8B2E-F15D878338FD}"
EndProject
Project("{9A19103F-16F7-4668-BE54-9A1E7A4F7556}") = "BAI_1.4_DELEGATE_EVENT", "BAI_1.4_DELEGATE_EVENT\BAI_1.4_DELEGATE_EVENT.csproj", "{7D6BD8FA-428F-4C1A-92E3-3B53476CBA39}"
EndProject
Project("{9A19103F-16F7-4668-BE54-9A1E7A4F7556}") = "BAI_1.5_DELEGATE_EVENT2", "BAI_1.5_DELEGATE_EVENT2\BAI_1.5_DELEGATE_EVENT2.csproj", "{D09C91AF-B21B-476D-8552-2561127DCB60}"
EndProject
Project("{9A19103F-16F7-4668-BE54-9A1E7A4F7556}") = "BAI_1.6_DELEGATE_EVENT3", "BAI_1.6_DELEGATE_EVENT3\BAI_1.6_DELEGATE_EVENT3.csproj", "{13D01DB7-997D-42BB-904F-E06C7EADE935}"
EndProject
Project("{9A19103F-16F7-4668-BE54-9A1E7A4F7556}") = "BAI_1.7_EXCEPTION", "BAI_1.7_EXCEPTION\BAI_1.7_EXCEPTION.csproj", "{C36E21CB-AD45-4AA1-88D2-A6F0C6F76E8E}"
EndProject
Project("{9A19103F-16F7-4668-BE54-9A1E7A4F7556}") = "BAI_TAP_LAB_34", "BAI_TAP_LAB_34\BAI_TAP_LAB_34.csproj", "{5AB43DE1-E783-4960-A372-B89842DF0E5A}"
EndProject
Project("{9A19103F-16F7-4668-BE54-9A1E7A4F7556}") = "BAI_1.8_DinhNghia_EXCEPTION", "BAI_1.8_DinhNghia_EXCEPTION\BAI_1.8_DinhNghia_EXCEPTION.csproj", "{879EDCCB-2362-431A-AC62-415413217E65}"
EndProject
Project("{9A19103F-16F7-4668-BE54-9A1E7A4F7556}") = "BAI_1.9_DINH_NGHIA_CLASS_EXCEPTION", "BAI_1.9_DINH_NGHIA_CLASS_EXCEPTION\BAI_1.9_DINH_NGHIA_CLASS_EXCEPTION.csproj", "{CA8995F3-EE84-4B63-A8B7-B805E1495554}"
EndProject
Project("{9A19103F-16F7-4668-BE54-9A1E7A4F7556}") = "BAI_2.0_COLLECTION", "BAI_2.0_COLLECTION\BAI_2.0_COLLECTION.csproj", "{5B10518E-D9E9-4D9B-AA2D-65B1C823FD16}"
EndProject
Project("{9A19103F-16F7-4668-BE54-9A1E7A4F7556}") = "BAI_2.1_GENERIC", "BAI_2.1_GENERIC\BAI_2.1_GENERIC.csproj", "{4098F407-E244-4BC1-B3B5-E160E065C26A}"
EndProject
Project("{9A19103F-16F7-4668-BE54-9A1E7A4F7556}") = "BAI_2.2_CLASS_GENERIC", "BAI_2.2_CLASS_GENERIC\BAI_2.2_CLASS_GENERIC.csproj", "{5271B8D9-30CF-4BD7-83A3-5BB3CE0BBDBF}"
EndProject
Project("{9A19103F-16F7-4668-BE54-9A1E7A4F7556}") = "BAI_2.3_GENERIC_COLLECTIONS", "BAI_2.3_GENERIC_COLLECTIONS\BAI_2.3_GENERIC_COLLECTIONS.csproj", "{150C997A-F314-4CA2-BF38-274FBD2B2823}"
EndProject
Project("{9A19103F-16F7-4668-BE54-9A1E7A4F7556}") = "BAI_2.4_PARTIAL_CLASS_METHOD", "BAI_2.4_PARTIAL_CLASS_METHOD\BAI_2.4_PARTIAL_CLASS_METHOD.csproj", "{905F1945-0096-4076-8C8E-3366C9D01583}"
EndProject
Project("{9A19103F-16F7-4668-BE54-9A1E7A4F7556}") = "BAI_2.5_IMPLICITLY_VA_DYNAMIC_TYPE", "BAI_2.5_IMPLICITLY_VA_DYNAMIC_TYPE\BAI_2.5_IMPLICITLY_VA_DYNAMIC_TYPE.csproj", "{DAA8FC45-3790-4D85-8F85-A350E83D5E3C}"
EndProject
Project("{9A19103F-16F7-4668-BE54-9A1E7A4F7556}") = "BAI_2.6_NULLABLE_TYPED", "BAI_2.6_NULLABLE_TYPED\BAI_2.6_NULLABLE_TYPED.csproj", "{A7446108-7DD8-4C36-B92A-2CC68A4660E3}"
EndProject
Project("{9A19103F-16F7-4668-BE54-9A1E7A4F7556}") = "BAI_2.7_ANONYMOUS_TYPED", "BAI_2.7_ANONYMOUS_TYPED\BAI_2.7_ANONYMOUS_TYPED.csproj", "{38FC51B8-7B9D-41B5-828C-55E9EE8402B4}"
EndProject
Project("{9A19103F-16F7-4668-BE54-9A1E7A4F7556}") = "BAI_2.8_THAO_TAC_VOI_TAP_TIN_System.IO", "BAI_2.8_THAO_TAC_VOI_TAP_TIN_System.IO\BAI_2.8_THAO_TAC_VOI_TAP_TIN_System.IO.csproj", "{3110DF84-D75B-450E-BCB3-03892B96EB6F}"
EndProject
Project("{9A19103F-16F7-4668-BE54-9A1E7A4F7556}") = "BAI_2.9_DocGhiDoiTuong", "BAI_2.9_DocGhiDoiTuong\BAI_2.9_DocGhiDoiTuong.csproj", "{6541220F-0792-4881-8CC8-F8C793733CE3}"
EndProject
Project("{FAE04EC0-301F-11D3-BF4B-00C04F79EFBC}") = "BAI_3.0_BietThucLAMBDA", "BAI_3.0_BietThucLAMBDA\BAI_3.0_BietThucLAMBDA.csproj", "{DB1F0414-6547-4D08-BC3C-91DEE7AE4D8A}"
EndProject
Project("{FAE04EC0-301F-11D3-BF4B-00C04F79EFBC}") = "BAI_3.1_LINQ", "BAI_3.1_LINQ\BAI_3.1_LINQ.csproj", "{27FF45C1-B37E-4755-8441-867331110CA4}"
EndProject
Project("{FAE04EC0-301F-11D3-BF4B-00C04F79EFBC}") = "BAI_3.2_LINQ_CacCauLenh", "BAI_3.2_LINQ_CacCauLenh\BAI_3.2_LINQ_CacCauLenh.csproj", "{1B47EE33-07B1-4CFF-A1A3-AED20A3F0B14}"
EndProject
Global
	GlobalSection(SolutionConfigurationPlatforms) = preSolution
		Debug|Any CPU = Debug|Any CPU
		Debug|x64 = Debug|x64
		Debug|x86 = Debug|x86
		Release|Any CPU = Release|Any CPU
		Release|x64 = Release|x64
		Release|x86 = Release|x86
	EndGlobalSection
	GlobalSection(ProjectConfigurationPlatforms) = postSolution
		{C0CC3FD5-B554-4D3E-8B5A-174C4E061203}.Debug|Any CPU.ActiveCfg = Debug|Any CPU
		{C0CC3FD5-B554-4D3E-8B5A-174C4E061203}.Debug|Any CPU.Build.0 = Debug|Any CPU
		{C0CC3FD5-B554-4D3E-8B5A-174C4E061203}.Debug|x64.ActiveCfg = Debug|Any CPU
		{C0CC3FD5-B554-4D3E-8B5A-174C4E061203}.Debug|x64.Build.0 = Debug|Any CPU
		{C0CC3FD5-B554-4D3E-8B5A-174C4E061203}.Debug|x86.ActiveCfg = Debug|Any CPU
		{C0CC3FD5-B554-4D3E-8B5A-174C4E061203}.Debug|x86.Build.0 = Debug|Any CPU
		{C0CC3FD5-B554-4D3E-8B5A-174C4E061203}.Release|Any CPU.ActiveCfg = Release|Any CPU
		{C0CC3FD5-B554-4D3E-8B5A-174C4E061203}.Release|Any CPU.Build.0 = Release|Any CPU
		{C0CC3FD5-B554-4D3E-8B5A-174C4E061203}.Release|x64.ActiveCfg = Release|Any CPU
		{C0CC3FD5-B554-4D3E-8B5A-174C4E061203}.Release|x64.Build.0 = Release|Any CPU
		{C0CC3FD5-B554-4D3E-8B5A-174C4E061203}.Release|x86.ActiveCfg = Release|Any CPU
		{C0CC3FD5-B554-4D3E-8B5A-174C4E061203}.Release|x86.Build.0 = Release|Any CPU
		{D874C090-E052-43F4-8B36-B0EAA159EC56}.Debug|Any CPU.ActiveCfg = Debug|Any CPU
		{D874C090-E052-43F4-8B36-B0EAA159EC56}.Debug|Any CPU.Build.0 = Debug|Any CPU
		{D874C090-E052-43F4-8B36-B0EAA159EC56}.Debug|x64.ActiveCfg = Debug|Any CPU
		{D874C090-E052-43F4-8B36-B0EAA159EC56}.Debug|x64.Build.0 = Debug|Any CPU
		{D874C090-E052-43F4-8B36-B0EAA159EC56}.Debug|x86.ActiveCfg = Debug|Any CPU
		{D874C090-E052-43F4-8B36-B0EAA159EC56}.Debug|x86.Build.0 = Debug|Any CPU
		{D874C090-E052-43F4-8B36-B0EAA159EC56}.Release|Any CPU.ActiveCfg = Release|Any CPU
		{D874C090-E052-43F4-8B36-B0EAA159EC56}.Release|Any CPU.Build.0 = Release|Any CPU
		{D874C090-E052-43F4-8B36-B0EAA159EC56}.Release|x64.ActiveCfg = Release|Any CPU
		{D874C090-E052-43F4-8B36-B0EAA159EC56}.Release|x64.Build.0 = Release|Any CPU
		{D874C090-E052-43F4-8B36-B0EAA159EC56}.Release|x86.ActiveCfg = Release|Any CPU
		{D874C090-E052-43F4-8B36-B0EAA159EC56}.Release|x86.Build.0 = Release|Any CPU
		{490B60F5-76B0-403F-8B2E-F15D878338FD}.Debug|Any CPU.ActiveCfg = Debug|Any CPU
		{490B60F5-76B0-403F-8B2E-F15D878338FD}.Debug|Any CPU.Build.0 = Debug|Any CPU
		{490B60F5-76B0-403F-8B2E-F15D878338FD}.Debug|x64.ActiveCfg = Debug|Any CPU
		{490B60F5-76B0-403F-8B2E-F15D878338FD}.Debug|x64.Build.0 = Debug|Any CPU
		{490B60F5-76B0-403F-8B2E-F15D878338FD}.Debug|x86.ActiveCfg = Debug|Any CPU
		{490B60F5-76B0-403F-8B2E-F15D878338FD}.Debug|x86.Build.0 = Debug|Any CPU
		{490B60F5-76B0-403F-8B2E-F15D878338FD}.Release|Any CPU.ActiveCfg = Release|Any CPU
		{490B60F5-76B0-403F-8B2E-F15D878338FD}.Release|Any CPU.Build.0 = Release|Any CPU
		{490B60F5-76B0-403F-8B2E-F15D878338FD}.Release|x64.ActiveCfg = Release|Any CPU
		{490B60F5-76B0-403F-8B2E-F15D878338FD}.Release|x64.Build.0 = Release|Any CPU
		{490B60F5-76B0-403F-8B2E-F15D878338FD}.Release|x86.ActiveCfg = Release|Any CPU
		{490B60F5-76B0-403F-8B2E-F15D878338FD}.Release|x86.Build.0 = Release|Any CPU
		{7D6BD8FA-428F-4C1A-92E3-3B53476CBA39}.Debug|Any CPU.ActiveCfg = Debug|Any CPU
		{7D6BD8FA-428F-4C1A-92E3-3B53476CBA39}.Debug|Any CPU.Build.0 = Debug|Any CPU
		{7D6BD8FA-428F-4C1A-92E3-3B53476CBA39}.Debug|x64.ActiveCfg = Debug|Any CPU
		{7D6BD8FA-428F-4C1A-92E3-3B53476CBA39}.Debug|x64.Build.0 = Debug|Any CPU
		{7D6BD8FA-428F-4C1A-92E3-3B53476CBA39}.Debug|x86.ActiveCfg = Debug|Any CPU
		{7D6BD8FA-428F-4C1A-92E3-3B53476CBA39}.Debug|x86.Build.0 = Debug|Any CPU
		{7D6BD8FA-428F-4C1A-92E3-3B53476CBA39}.Release|Any CPU.ActiveCfg = Release|Any CPU
		{7D6BD8FA-428F-4C1A-92E3-3B53476CBA39}.Release|Any CPU.Build.0 = Release|Any CPU
		{7D6BD8FA-428F-4C1A-92E3-3B53476CBA39}.Release|x64.ActiveCfg = Release|Any CPU
		{7D6BD8FA-428F-4C1A-92E3-3B53476CBA39}.Release|x64.Build.0 = Release|Any CPU
		{7D6BD8FA-428F-4C1A-92E3-3B53476CBA39}.Release|x86.ActiveCfg = Release|Any CPU
		{7D6BD8FA-428F-4C1A-92E3-3B53476CBA39}.Release|x86.Build.0 = Release|Any CPU
		{D09C91AF-B21B-476D-8552-2561127DCB60}.Debug|Any CPU.ActiveCfg = Debug|Any CPU
		{D09C91AF-B21B-476D-8552-2561127DCB60}.Debug|Any CPU.Build.0 = Debug|Any CPU
		{D09C91AF-B21B-476D-8552-2561127DCB60}.Debug|x64.ActiveCfg = Debug|Any CPU
		{D09C91AF-B21B-476D-8552-2561127DCB60}.Debug|x64.Build.0 = Debug|Any CPU
		{D09C91AF-B21B-476D-8552-2561127DCB60}.Debug|x86.ActiveCfg = Debug|Any CPU
		{D09C91AF-B21B-476D-8552-2561127DCB60}.Debug|x86.Build.0 = Debug|Any CPU
		{D09C91AF-B21B-476D-8552-2561127DCB60}.Release|Any CPU.ActiveCfg = Release|Any CPU
		{D09C91AF-B21B-476D-8552-2561127DCB60}.Release|Any CPU.Build.0 = Release|Any CPU
		{D09C91AF-B21B-476D-8552-2561127DCB60}.Release|x64.ActiveCfg = Release|Any CPU
		{D09C91AF-B21B-476D-8552-2561127DCB60}.Release|x64.Build.0 = Release|Any CPU
		{D09C91AF-B21B-476D-8552-2561127DCB60}.Release|x86.ActiveCfg = Release|Any CPU
		{D09C91AF-B21B-476D-8552-2561127DCB60}.Release|x86.Build.0 = Release|Any CPU
		{13D01DB7-997D-42BB-904F-E06C7EADE935}.Debug|Any CPU.ActiveCfg = Debug|Any CPU
		{13D01DB7-997D-42BB-904F-E06C7EADE935}.Debug|Any CPU.Build.0 = Debug|Any CPU
		{13D01DB7-997D-42BB-904F-E06C7EADE935}.Debug|x64.ActiveCfg = Debug|Any CPU
		{13D01DB7-997D-42BB-904F-E06C7EADE935}.Debug|x64.Build.0 = Debug|Any CPU
		{13D01DB7-997D-42BB-904F-E06C7EADE935}.Debug|x86.ActiveCfg = Debug|Any CPU
		{13D01DB7-997D-42BB-904F-E06C7EADE935}.Debug|x86.Build.0 = Debug|Any CPU
		{13D01DB7-997D-42BB-904F-E06C7EADE935}.Release|Any CPU.ActiveCfg = Release|Any CPU
		{13D01DB7-997D-42BB-904F-E06C7EADE935}.Release|Any CPU.Build.0 = Release|Any CPU
		{13D01DB7-997D-42BB-904F-E06C7EADE935}.Release|x64.ActiveCfg = Release|Any CPU
		{13D01DB7-997D-42BB-904F-E06C7EADE935}.Release|x64.Build.0 = Release|Any CPU
		{13D01DB7-997D-42BB-904F-E06C7EADE935}.Release|x86.ActiveCfg = Release|Any CPU
		{13D01DB7-997D-42BB-904F-E06C7EADE935}.Release|x86.Build.0 = Release|Any CPU
		{C36E21CB-AD45-4AA1-88D2-A6F0C6F76E8E}.Debug|Any CPU.ActiveCfg = Debug|Any CPU
		{C36E21CB-AD45-4AA1-88D2-A6F0C6F76E8E}.Debug|Any CPU.Build.0 = Debug|Any CPU
		{C36E21CB-AD45-4AA1-88D2-A6F0C6F76E8E}.Debug|x64.ActiveCfg = Debug|Any CPU
		{C36E21CB-AD45-4AA1-88D2-A6F0C6F76E8E}.Debug|x64.Build.0 = Debug|Any CPU
		{C36E21CB-AD45-4AA1-88D2-A6F0C6F76E8E}.Debug|x86.ActiveCfg = Debug|Any CPU
		{C36E21CB-AD45-4AA1-88D2-A6F0C6F76E8E}.Debug|x86.Build.0 = Debug|Any CPU
		{C36E21CB-AD45-4AA1-88D2-A6F0C6F76E8E}.Release|Any CPU.ActiveCfg = Release|Any CPU
		{C36E21CB-AD45-4AA1-88D2-A6F0C6F76E8E}.Release|Any CPU.Build.0 = Release|Any CPU
		{C36E21CB-AD45-4AA1-88D2-A6F0C6F76E8E}.Release|x64.ActiveCfg = Release|Any CPU
		{C36E21CB-AD45-4AA1-88D2-A6F0C6F76E8E}.Release|x64.Build.0 = Release|Any CPU
		{C36E21CB-AD45-4AA1-88D2-A6F0C6F76E8E}.Release|x86.ActiveCfg = Release|Any CPU
		{C36E21CB-AD45-4AA1-88D2-A6F0C6F76E8E}.Release|x86.Build.0 = Release|Any CPU
		{5AB43DE1-E783-4960-A372-B89842DF0E5A}.Debug|Any CPU.ActiveCfg = Debug|Any CPU
		{5AB43DE1-E783-4960-A372-B89842DF0E5A}.Debug|Any CPU.Build.0 = Debug|Any CPU
		{5AB43DE1-E783-4960-A372-B89842DF0E5A}.Debug|x64.ActiveCfg = Debug|Any CPU
		{5AB43DE1-E783-4960-A372-B89842DF0E5A}.Debug|x64.Build.0 = Debug|Any CPU
		{5AB43DE1-E783-4960-A372-B89842DF0E5A}.Debug|x86.ActiveCfg = Debug|Any CPU
		{5AB43DE1-E783-4960-A372-B89842DF0E5A}.Debug|x86.Build.0 = Debug|Any CPU
		{5AB43DE1-E783-4960-A372-B89842DF0E5A}.Release|Any CPU.ActiveCfg = Release|Any CPU
		{5AB43DE1-E783-4960-A372-B89842DF0E5A}.Release|Any CPU.Build.0 = Release|Any CPU
		{5AB43DE1-E783-4960-A372-B89842DF0E5A}.Release|x64.ActiveCfg = Release|Any CPU
		{5AB43DE1-E783-4960-A372-B89842DF0E5A}.Release|x64.Build.0 = Release|Any CPU
		{5AB43DE1-E783-4960-A372-B89842DF0E5A}.Release|x86.ActiveCfg = Release|Any CPU
		{5AB43DE1-E783-4960-A372-B89842DF0E5A}.Release|x86.Build.0 = Release|Any CPU
		{879EDCCB-2362-431A-AC62-415413217E65}.Debug|Any CPU.ActiveCfg = Debug|Any CPU
		{879EDCCB-2362-431A-AC62-415413217E65}.Debug|Any CPU.Build.0 = Debug|Any CPU
		{879EDCCB-2362-431A-AC62-415413217E65}.Debug|x64.ActiveCfg = Debug|Any CPU
		{879EDCCB-2362-431A-AC62-415413217E65}.Debug|x64.Build.0 = Debug|Any CPU
		{879EDCCB-2362-431A-AC62-415413217E65}.Debug|x86.ActiveCfg = Debug|Any CPU
		{879EDCCB-2362-431A-AC62-415413217E65}.Debug|x86.Build.0 = Debug|Any CPU
		{879EDCCB-2362-431A-AC62-415413217E65}.Release|Any CPU.ActiveCfg = Release|Any CPU
		{879EDCCB-2362-431A-AC62-415413217E65}.Release|Any CPU.Build.0 = Release|Any CPU
		{879EDCCB-2362-431A-AC62-415413217E65}.Release|x64.ActiveCfg = Release|Any CPU
		{879EDCCB-2362-431A-AC62-415413217E65}.Release|x64.Build.0 = Release|Any CPU
		{879EDCCB-2362-431A-AC62-415413217E65}.Release|x86.ActiveCfg = Release|Any CPU
		{879EDCCB-2362-431A-AC62-415413217E65}.Release|x86.Build.0 = Release|Any CPU
		{CA8995F3-EE84-4B63-A8B7-B805E1495554}.Debug|Any CPU.ActiveCfg = Debug|Any CPU
		{CA8995F3-EE84-4B63-A8B7-B805E1495554}.Debug|Any CPU.Build.0 = Debug|Any CPU
		{CA8995F3-EE84-4B63-A8B7-B805E1495554}.Debug|x64.ActiveCfg = Debug|Any CPU
		{CA8995F3-EE84-4B63-A8B7-B805E1495554}.Debug|x64.Build.0 = Debug|Any CPU
		{CA8995F3-EE84-4B63-A8B7-B805E1495554}.Debug|x86.ActiveCfg = Debug|Any CPU
		{CA8995F3-EE84-4B63-A8B7-B805E1495554}.Debug|x86.Build.0 = Debug|Any CPU
		{CA8995F3-EE84-4B63-A8B7-B805E1495554}.Release|Any CPU.ActiveCfg = Release|Any CPU
		{CA8995F3-EE84-4B63-A8B7-B805E1495554}.Release|Any CPU.Build.0 = Release|Any CPU
		{CA8995F3-EE84-4B63-A8B7-B805E1495554}.Release|x64.ActiveCfg = Release|Any CPU
		{CA8995F3-EE84-4B63-A8B7-B805E1495554}.Release|x64.Build.0 = Release|Any CPU
		{CA8995F3-EE84-4B63-A8B7-B805E1495554}.Release|x86.ActiveCfg = Release|Any CPU
		{CA8995F3-EE84-4B63-A8B7-B805E1495554}.Release|x86.Build.0 = Release|Any CPU
		{5B10518E-D9E9-4D9B-AA2D-65B1C823FD16}.Debug|Any CPU.ActiveCfg = Debug|Any CPU
		{5B10518E-D9E9-4D9B-AA2D-65B1C823FD16}.Debug|Any CPU.Build.0 = Debug|Any CPU
		{5B10518E-D9E9-4D9B-AA2D-65B1C823FD16}.Debug|x64.ActiveCfg = Debug|Any CPU
		{5B10518E-D9E9-4D9B-AA2D-65B1C823FD16}.Debug|x64.Build.0 = Debug|Any CPU
		{5B10518E-D9E9-4D9B-AA2D-65B1C823FD16}.Debug|x86.ActiveCfg = Debug|Any CPU
		{5B10518E-D9E9-4D9B-AA2D-65B1C823FD16}.Debug|x86.Build.0 = Debug|Any CPU
		{5B10518E-D9E9-4D9B-AA2D-65B1C823FD16}.Release|Any CPU.ActiveCfg = Release|Any CPU
		{5B10518E-D9E9-4D9B-AA2D-65B1C823FD16}.Release|Any CPU.Build.0 = Release|Any CPU
		{5B10518E-D9E9-4D9B-AA2D-65B1C823FD16}.Release|x64.ActiveCfg = Release|Any CPU
		{5B10518E-D9E9-4D9B-AA2D-65B1C823FD16}.Release|x64.Build.0 = Release|Any CPU
		{5B10518E-D9E9-4D9B-AA2D-65B1C823FD16}.Release|x86.ActiveCfg = Release|Any CPU
		{5B10518E-D9E9-4D9B-AA2D-65B1C823FD16}.Release|x86.Build.0 = Release|Any CPU
		{4098F407-E244-4BC1-B3B5-E160E065C26A}.Debug|Any CPU.ActiveCfg = Debug|Any CPU
		{4098F407-E244-4BC1-B3B5-E160E065C26A}.Debug|Any CPU.Build.0 = Debug|Any CPU
		{4098F407-E244-4BC1-B3B5-E160E065C26A}.Debug|x64.ActiveCfg = Debug|Any CPU
		{4098F407-E244-4BC1-B3B5-E160E065C26A}.Debug|x64.Build.0 = Debug|Any CPU
		{4098F407-E244-4BC1-B3B5-E160E065C26A}.Debug|x86.ActiveCfg = Debug|Any CPU
		{4098F407-E244-4BC1-B3B5-E160E065C26A}.Debug|x86.Build.0 = Debug|Any CPU
		{4098F407-E244-4BC1-B3B5-E160E065C26A}.Release|Any CPU.ActiveCfg = Release|Any CPU
		{4098F407-E244-4BC1-B3B5-E160E065C26A}.Release|Any CPU.Build.0 = Release|Any CPU
		{4098F407-E244-4BC1-B3B5-E160E065C26A}.Release|x64.ActiveCfg = Release|Any CPU
		{4098F407-E244-4BC1-B3B5-E160E065C26A}.Release|x64.Build.0 = Release|Any CPU
		{4098F407-E244-4BC1-B3B5-E160E065C26A}.Release|x86.ActiveCfg = Release|Any CPU
		{4098F407-E244-4BC1-B3B5-E160E065C26A}.Release|x86.Build.0 = Release|Any CPU
		{5271B8D9-30CF-4BD7-83A3-5BB3CE0BBDBF}.Debug|Any CPU.ActiveCfg = Debug|Any CPU
		{5271B8D9-30CF-4BD7-83A3-5BB3CE0BBDBF}.Debug|Any CPU.Build.0 = Debug|Any CPU
		{5271B8D9-30CF-4BD7-83A3-5BB3CE0BBDBF}.Debug|x64.ActiveCfg = Debug|Any CPU
		{5271B8D9-30CF-4BD7-83A3-5BB3CE0BBDBF}.Debug|x64.Build.0 = Debug|Any CPU
		{5271B8D9-30CF-4BD7-83A3-5BB3CE0BBDBF}.Debug|x86.ActiveCfg = Debug|Any CPU
		{5271B8D9-30CF-4BD7-83A3-5BB3CE0BBDBF}.Debug|x86.Build.0 = Debug|Any CPU
		{5271B8D9-30CF-4BD7-83A3-5BB3CE0BBDBF}.Release|Any CPU.ActiveCfg = Release|Any CPU
		{5271B8D9-30CF-4BD7-83A3-5BB3CE0BBDBF}.Release|Any CPU.Build.0 = Release|Any CPU
		{5271B8D9-30CF-4BD7-83A3-5BB3CE0BBDBF}.Release|x64.ActiveCfg = Release|Any CPU
		{5271B8D9-30CF-4BD7-83A3-5BB3CE0BBDBF}.Release|x64.Build.0 = Release|Any CPU
		{5271B8D9-30CF-4BD7-83A3-5BB3CE0BBDBF}.Release|x86.ActiveCfg = Release|Any CPU
		{5271B8D9-30CF-4BD7-83A3-5BB3CE0BBDBF}.Release|x86.Build.0 = Release|Any CPU
		{150C997A-F314-4CA2-BF38-274FBD2B2823}.Debug|Any CPU.ActiveCfg = Debug|Any CPU
		{150C997A-F314-4CA2-BF38-274FBD2B2823}.Debug|Any CPU.Build.0 = Debug|Any CPU
		{150C997A-F314-4CA2-BF38-274FBD2B2823}.Debug|x64.ActiveCfg = Debug|Any CPU
		{150C997A-F314-4CA2-BF38-274FBD2B2823}.Debug|x64.Build.0 = Debug|Any CPU
		{150C997A-F314-4CA2-BF38-274FBD2B2823}.Debug|x86.ActiveCfg = Debug|Any CPU
		{150C997A-F314-4CA2-BF38-274FBD2B2823}.Debug|x86.Build.0 = Debug|Any CPU
		{150C997A-F314-4CA2-BF38-274FBD2B2823}.Release|Any CPU.ActiveCfg = Release|Any CPU
		{150C997A-F314-4CA2-BF38-274FBD2B2823}.Release|Any CPU.Build.0 = Release|Any CPU
		{150C997A-F314-4CA2-BF38-274FBD2B2823}.Release|x64.ActiveCfg = Release|Any CPU
		{150C997A-F314-4CA2-BF38-274FBD2B2823}.Release|x64.Build.0 = Release|Any CPU
		{150C997A-F314-4CA2-BF38-274FBD2B2823}.Release|x86.ActiveCfg = Release|Any CPU
		{150C997A-F314-4CA2-BF38-274FBD2B2823}.Release|x86.Build.0 = Release|Any CPU
		{905F1945-0096-4076-8C8E-3366C9D01583}.Debug|Any CPU.ActiveCfg = Debug|Any CPU
		{905F1945-0096-4076-8C8E-3366C9D01583}.Debug|Any CPU.Build.0 = Debug|Any CPU
		{905F1945-0096-4076-8C8E-3366C9D01583}.Debug|x64.ActiveCfg = Debug|Any CPU
		{905F1945-0096-4076-8C8E-3366C9D01583}.Debug|x64.Build.0 = Debug|Any CPU
		{905F1945-0096-4076-8C8E-3366C9D01583}.Debug|x86.ActiveCfg = Debug|Any CPU
		{905F1945-0096-4076-8C8E-3366C9D01583}.Debug|x86.Build.0 = Debug|Any CPU
		{905F1945-0096-4076-8C8E-3366C9D01583}.Release|Any CPU.ActiveCfg = Release|Any CPU
		{905F1945-0096-4076-8C8E-3366C9D01583}.Release|Any CPU.Build.0 = Release|Any CPU
		{905F1945-0096-4076-8C8E-3366C9D01583}.Release|x64.ActiveCfg = Release|Any CPU
		{905F1945-0096-4076-8C8E-3366C9D01583}.Release|x64.Build.0 = Release|Any CPU
		{905F1945-0096-4076-8C8E-3366C9D01583}.Release|x86.ActiveCfg = Release|Any CPU
		{905F1945-0096-4076-8C8E-3366C9D01583}.Release|x86.Build.0 = Release|Any CPU
		{DAA8FC45-3790-4D85-8F85-A350E83D5E3C}.Debug|Any CPU.ActiveCfg = Debug|Any CPU
		{DAA8FC45-3790-4D85-8F85-A350E83D5E3C}.Debug|Any CPU.Build.0 = Debug|Any CPU
		{DAA8FC45-3790-4D85-8F85-A350E83D5E3C}.Debug|x64.ActiveCfg = Debug|Any CPU
		{DAA8FC45-3790-4D85-8F85-A350E83D5E3C}.Debug|x64.Build.0 = Debug|Any CPU
		{DAA8FC45-3790-4D85-8F85-A350E83D5E3C}.Debug|x86.ActiveCfg = Debug|Any CPU
		{DAA8FC45-3790-4D85-8F85-A350E83D5E3C}.Debug|x86.Build.0 = Debug|Any CPU
		{DAA8FC45-3790-4D85-8F85-A350E83D5E3C}.Release|Any CPU.ActiveCfg = Release|Any CPU
		{DAA8FC45-3790-4D85-8F85-A350E83D5E3C}.Release|Any CPU.Build.0 = Release|Any CPU
		{DAA8FC45-3790-4D85-8F85-A350E83D5E3C}.Release|x64.ActiveCfg = Release|Any CPU
		{DAA8FC45-3790-4D85-8F85-A350E83D5E3C}.Release|x64.Build.0 = Release|Any CPU
		{DAA8FC45-3790-4D85-8F85-A350E83D5E3C}.Release|x86.ActiveCfg = Release|Any CPU
		{DAA8FC45-3790-4D85-8F85-A350E83D5E3C}.Release|x86.Build.0 = Release|Any CPU
		{A7446108-7DD8-4C36-B92A-2CC68A4660E3}.Debug|Any CPU.ActiveCfg = Debug|Any CPU
		{A7446108-7DD8-4C36-B92A-2CC68A4660E3}.Debug|Any CPU.Build.0 = Debug|Any CPU
		{A7446108-7DD8-4C36-B92A-2CC68A4660E3}.Debug|x64.ActiveCfg = Debug|Any CPU
		{A7446108-7DD8-4C36-B92A-2CC68A4660E3}.Debug|x64.Build.0 = Debug|Any CPU
		{A7446108-7DD8-4C36-B92A-2CC68A4660E3}.Debug|x86.ActiveCfg = Debug|Any CPU
		{A7446108-7DD8-4C36-B92A-2CC68A4660E3}.Debug|x86.Build.0 = Debug|Any CPU
		{A7446108-7DD8-4C36-B92A-2CC68A4660E3}.Release|Any CPU.ActiveCfg = Release|Any CPU
		{A7446108-7DD8-4C36-B92A-2CC68A4660E3}.Release|Any CPU.Build.0 = Release|Any CPU
		{A7446108-7DD8-4C36-B92A-2CC68A4660E3}.Release|x64.ActiveCfg = Release|Any CPU
		{A7446108-7DD8-4C36-B92A-2CC68A4660E3}.Release|x64.Build.0 = Release|Any CPU
		{A7446108-7DD8-4C36-B92A-2CC68A4660E3}.Release|x86.ActiveCfg = Release|Any CPU
		{A7446108-7DD8-4C36-B92A-2CC68A4660E3}.Release|x86.Build.0 = Release|Any CPU
		{38FC51B8-7B9D-41B5-828C-55E9EE8402B4}.Debug|Any CPU.ActiveCfg = Debug|Any CPU
		{38FC51B8-7B9D-41B5-828C-55E9EE8402B4}.Debug|Any CPU.Build.0 = Debug|Any CPU
		{38FC51B8-7B9D-41B5-828C-55E9EE8402B4}.Debug|x64.ActiveCfg = Debug|Any CPU
		{38FC51B8-7B9D-41B5-828C-55E9EE8402B4}.Debug|x64.Build.0 = Debug|Any CPU
		{38FC51B8-7B9D-41B5-828C-55E9EE8402B4}.Debug|x86.ActiveCfg = Debug|Any CPU
		{38FC51B8-7B9D-41B5-828C-55E9EE8402B4}.Debug|x86.Build.0 = Debug|Any CPU
		{38FC51B8-7B9D-41B5-828C-55E9EE8402B4}.Release|Any CPU.ActiveCfg = Release|Any CPU
		{38FC51B8-7B9D-41B5-828C-55E9EE8402B4}.Release|Any CPU.Build.0 = Release|Any CPU
		{38FC51B8-7B9D-41B5-828C-55E9EE8402B4}.Release|x64.ActiveCfg = Release|Any CPU
		{38FC51B8-7B9D-41B5-828C-55E9EE8402B4}.Release|x64.Build.0 = Release|Any CPU
		{38FC51B8-7B9D-41B5-828C-55E9EE8402B4}.Release|x86.ActiveCfg = Release|Any CPU
		{38FC51B8-7B9D-41B5-828C-55E9EE8402B4}.Release|x86.Build.0 = Release|Any CPU
		{3110DF84-D75B-450E-BCB3-03892B96EB6F}.Debug|Any CPU.ActiveCfg = Debug|Any CPU
		{3110DF84-D75B-450E-BCB3-03892B96EB6F}.Debug|Any CPU.Build.0 = Debug|Any CPU
		{3110DF84-D75B-450E-BCB3-03892B96EB6F}.Debug|x64.ActiveCfg = Debug|Any CPU
		{3110DF84-D75B-450E-BCB3-03892B96EB6F}.Debug|x64.Build.0 = Debug|Any CPU
		{3110DF84-D75B-450E-BCB3-03892B96EB6F}.Debug|x86.ActiveCfg = Debug|Any CPU
		{3110DF84-D75B-450E-BCB3-03892B96EB6F}.Debug|x86.Build.0 = Debug|Any CPU
		{3110DF84-D75B-450E-BCB3-03892B96EB6F}.Release|Any CPU.ActiveCfg = Release|Any CPU
		{3110DF84-D75B-450E-BCB3-03892B96EB6F}.Release|Any CPU.Build.0 = Release|Any CPU
		{3110DF84-D75B-450E-BCB3-03892B96EB6F}.Release|x64.ActiveCfg = Release|Any CPU
		{3110DF84-D75B-450E-BCB3-03892B96EB6F}.Release|x64.Build.0 = Release|Any CPU
		{3110DF84-D75B-450E-BCB3-03892B96EB6F}.Release|x86.ActiveCfg = Release|Any CPU
		{3110DF84-D75B-450E-BCB3-03892B96EB6F}.Release|x86.Build.0 = Release|Any CPU
		{6541220F-0792-4881-8CC8-F8C793733CE3}.Debug|Any CPU.ActiveCfg = Debug|Any CPU
		{6541220F-0792-4881-8CC8-F8C793733CE3}.Debug|Any CPU.Build.0 = Debug|Any CPU
		{6541220F-0792-4881-8CC8-F8C793733CE3}.Debug|x64.ActiveCfg = Debug|Any CPU
		{6541220F-0792-4881-8CC8-F8C793733CE3}.Debug|x64.Build.0 = Debug|Any CPU
		{6541220F-0792-4881-8CC8-F8C793733CE3}.Debug|x86.ActiveCfg = Debug|Any CPU
		{6541220F-0792-4881-8CC8-F8C793733CE3}.Debug|x86.Build.0 = Debug|Any CPU
		{6541220F-0792-4881-8CC8-F8C793733CE3}.Release|Any CPU.ActiveCfg = Release|Any CPU
		{6541220F-0792-4881-8CC8-F8C793733CE3}.Release|Any CPU.Build.0 = Release|Any CPU
		{6541220F-0792-4881-8CC8-F8C793733CE3}.Release|x64.ActiveCfg = Release|Any CPU
		{6541220F-0792-4881-8CC8-F8C793733CE3}.Release|x64.Build.0 = Release|Any CPU
		{6541220F-0792-4881-8CC8-F8C793733CE3}.Release|x86.ActiveCfg = Release|Any CPU
		{6541220F-0792-4881-8CC8-F8C793733CE3}.Release|x86.Build.0 = Release|Any CPU
		{DB1F0414-6547-4D08-BC3C-91DEE7AE4D8A}.Debug|Any CPU.ActiveCfg = Debug|Any CPU
		{DB1F0414-6547-4D08-BC3C-91DEE7AE4D8A}.Debug|Any CPU.Build.0 = Debug|Any CPU
		{DB1F0414-6547-4D08-BC3C-91DEE7AE4D8A}.Debug|x64.ActiveCfg = Debug|Any CPU
		{DB1F0414-6547-4D08-BC3C-91DEE7AE4D8A}.Debug|x64.Build.0 = Debug|Any CPU
		{DB1F0414-6547-4D08-BC3C-91DEE7AE4D8A}.Debug|x86.ActiveCfg = Debug|Any CPU
		{DB1F0414-6547-4D08-BC3C-91DEE7AE4D8A}.Debug|x86.Build.0 = Debug|Any CPU
		{DB1F0414-6547-4D08-BC3C-91DEE7AE4D8A}.Release|Any CPU.ActiveCfg = Release|Any CPU
		{DB1F0414-6547-4D08-BC3C-91DEE7AE4D8A}.Release|Any CPU.Build.0 = Release|Any CPU
		{DB1F0414-6547-4D08-BC3C-91DEE7AE4D8A}.Release|x64.ActiveCfg = Release|Any CPU
		{DB1F0414-6547-4D08-BC3C-91DEE7AE4D8A}.Release|x64.Build.0 = Release|Any CPU
		{DB1F0414-6547-4D08-BC3C-91DEE7AE4D8A}.Release|x86.ActiveCfg = Release|Any CPU
		{DB1F0414-6547-4D08-BC3C-91DEE7AE4D8A}.Release|x86.Build.0 = Release|Any CPU
		{27FF45C1-B37E-4755-8441-867331110CA4}.Debug|Any CPU.ActiveCfg = Debug|Any CPU
		{27FF45C1-B37E-4755-8441-867331110CA4}.Debug|Any CPU.Build.0 = Debug|Any CPU
		{27FF45C1-B37E-4755-8441-867331110CA4}.Debug|x64.ActiveCfg = Debug|Any CPU
		{27FF45C1-B37E-4755-8441-867331110CA4}.Debug|x64.Build.0 = Debug|Any CPU
		{27FF45C1-B37E-4755-8441-867331110CA4}.Debug|x86.ActiveCfg = Debug|Any CPU
		{27FF45C1-B37E-4755-8441-867331110CA4}.Debug|x86.Build.0 = Debug|Any CPU
		{27FF45C1-B37E-4755-8441-867331110CA4}.Release|Any CPU.ActiveCfg = Release|Any CPU
		{27FF45C1-B37E-4755-8441-867331110CA4}.Release|Any CPU.Build.0 = Release|Any CPU
		{27FF45C1-B37E-4755-8441-867331110CA4}.Release|x64.ActiveCfg = Release|Any CPU
		{27FF45C1-B37E-4755-8441-867331110CA4}.Release|x64.Build.0 = Release|Any CPU
		{27FF45C1-B37E-4755-8441-867331110CA4}.Release|x86.ActiveCfg = Release|Any CPU
		{27FF45C1-B37E-4755-8441-867331110CA4}.Release|x86.Build.0 = Release|Any CPU
		{1B47EE33-07B1-4CFF-A1A3-AED20A3F0B14}.Debug|Any CPU.ActiveCfg = Debug|Any CPU
		{1B47EE33-07B1-4CFF-A1A3-AED20A3F0B14}.Debug|Any CPU.Build.0 = Debug|Any CPU
		{1B47EE33-07B1-4CFF-A1A3-AED20A3F0B14}.Debug|x64.ActiveCfg = Debug|Any CPU
		{1B47EE33-07B1-4CFF-A1A3-AED20A3F0B14}.Debug|x64.Build.0 = Debug|Any CPU
		{1B47EE33-07B1-4CFF-A1A3-AED20A3F0B14}.Debug|x86.ActiveCfg = Debug|Any CPU
		{1B47EE33-07B1-4CFF-A1A3-AED20A3F0B14}.Debug|x86.Build.0 = Debug|Any CPU
		{1B47EE33-07B1-4CFF-A1A3-AED20A3F0B14}.Release|Any CPU.ActiveCfg = Release|Any CPU
		{1B47EE33-07B1-4CFF-A1A3-AED20A3F0B14}.Release|Any CPU.Build.0 = Release|Any CPU
		{1B47EE33-07B1-4CFF-A1A3-AED20A3F0B14}.Release|x64.ActiveCfg = Release|Any CPU
		{1B47EE33-07B1-4CFF-A1A3-AED20A3F0B14}.Release|x64.Build.0 = Release|Any CPU
		{1B47EE33-07B1-4CFF-A1A3-AED20A3F0B14}.Release|x86.ActiveCfg = Release|Any CPU
		{1B47EE33-07B1-4CFF-A1A3-AED20A3F0B14}.Release|x86.Build.0 = Release|Any CPU
	EndGlobalSection
	GlobalSection(SolutionProperties) = preSolution
		HideSolutionNode = FALSE
	EndGlobalSection
	GlobalSection(ExtensibilityGlobals) = postSolution
		SolutionGuid = {590299DA-6071-444A-A56A-298BA1DABD8A}
	EndGlobalSection
EndGlobal
