
Microsoft Visual Studio Solution File, Format Version 12.00
# Visual Studio Version 16
VisualStudioVersion = 16.0.31624.102
MinimumVisualStudioVersion = 10.0.40219.1
Project("{9A19103F-16F7-4668-BE54-9A1E7A4F7556}") = "BAI_1.0_ONTAP_CSHARP1_CRUD", "BAI_1.0_ONTAP_CSHARP1_CRUD\BAI_1.0_ONTAP_CSHARP1_CRUD.csproj", "{C0CC3FD5-B554-4D3E-8B5A-174C4E061203}"
EndProject
Project("{FAE04EC0-301F-11D3-BF4B-00C04F79EFBC}") = "BAI_1.2_DELEGATE", "BAI_1.2_DELEGATE\BAI_1.2_DELEGATE.csproj", "{D874C090-E052-43F4-8B36-B0EAA159EC56}"
EndProject
Project("{9A19103F-16F7-4668-BE54-9A1E7A4F7556}") = "BAI_1.3_DELEGATE_ACTION_FUNC", "BAI_1.3_DELEGATE_ACTION_FUNC\BAI_1.3_DELEGATE_ACTION_FUNC.csproj", "{490B60F5-76B0-403F-8B2E-F15D878338FD}"
EndProject
Project("{9A19103F-16F7-4668-BE54-9A1E7A4F7556}") = "BAI_1.4_DELEGATE_EVENT", "BAI_1.4_DELEGATE_EVENT\BAI_1.4_DELEGATE_EVENT.csproj", "{7D6BD8FA-428F-4C1A-92E3-3B53476CBA39}"
EndProject
Project("{9A19103F-16F7-4668-BE54-9A1E7A4F7556}") = "BAI_1.5_DELEGATE_EVENT2", "BAI_1.5_DELEGATE_EVENT2\BAI_1.5_DELEGATE_EVENT2.csproj", "{D09C91AF-B21B-476D-8552-2561127DCB60}"
EndProject
Project("{9A19103F-16F7-4668-BE54-9A1E7A4F7556}") = "BAI_1.6_DELEGATE_EVENT3", "BAI_1.6_DELEGATE_EVENT3\BAI_1.6_DELEGATE_EVENT3.csproj", "{13D01DB7-997D-42BB-904F-E06C7EADE935}"
EndProject
Project("{9A19103F-16F7-4668-BE54-9A1E7A4F7556}") = "BAI_1.7_EXCEPTION", "BAI_1.7_EXCEPTION\BAI_1.7_EXCEPTION.csproj", "{C36E21CB-AD45-4AA1-88D2-A6F0C6F76E8E}"
EndProject
Project("{9A19103F-16F7-4668-BE54-9A1E7A4F7556}") = "BAI_TAP_LAB_34", "BAI_TAP_LAB_34\BAI_TAP_LAB_34.csproj", "{5AB43DE1-E783-4960-A372-B89842DF0E5A}"
EndProject
Project("{FAE04EC0-301F-11D3-BF4B-00C04F79EFBC}") = "BAI_1.8_DinhNghia_EXCEPTION", "BAI_1.8_DinhNghia_EXCEPTION\BAI_1.8_DinhNghia_EXCEPTION.csproj", "{879EDCCB-2362-431A-AC62-415413217E65}"
EndProject
Project("{FAE04EC0-301F-11D3-BF4B-00C04F79EFBC}") = "BAI_1.9_DINH_NGHIA_CLASS_EXCEPTION", "BAI_1.9_DINH_NGHIA_CLASS_EXCEPTION\BAI_1.9_DINH_NGHIA_CLASS_EXCEPTION.csproj", "{CA8995F3-EE84-4B63-A8B7-B805E1495554}"
EndProject
Project("{FAE04EC0-301F-11D3-BF4B-00C04F79EFBC}") = "BAI_2.0_COLLECTION", "BAI_2.0_COLLECTION\BAI_2.0_COLLECTION.csproj", "{5B10518E-D9E9-4D9B-AA2D-65B1C823FD16}"
EndProject
Global
	GlobalSection(SolutionConfigurationPlatforms) = preSolution
		Debug|Any CPU = Debug|Any CPU
		Release|Any CPU = Release|Any CPU
	EndGlobalSection
	GlobalSection(ProjectConfigurationPlatforms) = postSolution
		{C0CC3FD5-B554-4D3E-8B5A-174C4E061203}.Debug|Any CPU.ActiveCfg = Debug|Any CPU
		{C0CC3FD5-B554-4D3E-8B5A-174C4E061203}.Debug|Any CPU.Build.0 = Debug|Any CPU
		{C0CC3FD5-B554-4D3E-8B5A-174C4E061203}.Release|Any CPU.ActiveCfg = Release|Any CPU
		{C0CC3FD5-B554-4D3E-8B5A-174C4E061203}.Release|Any CPU.Build.0 = Release|Any CPU
		{D874C090-E052-43F4-8B36-B0EAA159EC56}.Debug|Any CPU.ActiveCfg = Debug|Any CPU
		{D874C090-E052-43F4-8B36-B0EAA159EC56}.Debug|Any CPU.Build.0 = Debug|Any CPU
		{D874C090-E052-43F4-8B36-B0EAA159EC56}.Release|Any CPU.ActiveCfg = Release|Any CPU
		{D874C090-E052-43F4-8B36-B0EAA159EC56}.Release|Any CPU.Build.0 = Release|Any CPU
		{490B60F5-76B0-403F-8B2E-F15D878338FD}.Debug|Any CPU.ActiveCfg = Debug|Any CPU
		{490B60F5-76B0-403F-8B2E-F15D878338FD}.Debug|Any CPU.Build.0 = Debug|Any CPU
		{490B60F5-76B0-403F-8B2E-F15D878338FD}.Release|Any CPU.ActiveCfg = Release|Any CPU
		{490B60F5-76B0-403F-8B2E-F15D878338FD}.Release|Any CPU.Build.0 = Release|Any CPU
		{7D6BD8FA-428F-4C1A-92E3-3B53476CBA39}.Debug|Any CPU.ActiveCfg = Debug|Any CPU
		{7D6BD8FA-428F-4C1A-92E3-3B53476CBA39}.Debug|Any CPU.Build.0 = Debug|Any CPU
		{7D6BD8FA-428F-4C1A-92E3-3B53476CBA39}.Release|Any CPU.ActiveCfg = Release|Any CPU
		{7D6BD8FA-428F-4C1A-92E3-3B53476CBA39}.Release|Any CPU.Build.0 = Release|Any CPU
		{D09C91AF-B21B-476D-8552-2561127DCB60}.Debug|Any CPU.ActiveCfg = Debug|Any CPU
		{D09C91AF-B21B-476D-8552-2561127DCB60}.Debug|Any CPU.Build.0 = Debug|Any CPU
		{D09C91AF-B21B-476D-8552-2561127DCB60}.Release|Any CPU.ActiveCfg = Release|Any CPU
		{D09C91AF-B21B-476D-8552-2561127DCB60}.Release|Any CPU.Build.0 = Release|Any CPU
		{13D01DB7-997D-42BB-904F-E06C7EADE935}.Debug|Any CPU.ActiveCfg = Debug|Any CPU
		{13D01DB7-997D-42BB-904F-E06C7EADE935}.Debug|Any CPU.Build.0 = Debug|Any CPU
		{13D01DB7-997D-42BB-904F-E06C7EADE935}.Release|Any CPU.ActiveCfg = Release|Any CPU
		{13D01DB7-997D-42BB-904F-E06C7EADE935}.Release|Any CPU.Build.0 = Release|Any CPU
		{C36E21CB-AD45-4AA1-88D2-A6F0C6F76E8E}.Debug|Any CPU.ActiveCfg = Debug|Any CPU
		{C36E21CB-AD45-4AA1-88D2-A6F0C6F76E8E}.Debug|Any CPU.Build.0 = Debug|Any CPU
		{C36E21CB-AD45-4AA1-88D2-A6F0C6F76E8E}.Release|Any CPU.ActiveCfg = Release|Any CPU
		{C36E21CB-AD45-4AA1-88D2-A6F0C6F76E8E}.Release|Any CPU.Build.0 = Release|Any CPU
		{5AB43DE1-E783-4960-A372-B89842DF0E5A}.Debug|Any CPU.ActiveCfg = Debug|Any CPU
		{5AB43DE1-E783-4960-A372-B89842DF0E5A}.Debug|Any CPU.Build.0 = Debug|Any CPU
		{5AB43DE1-E783-4960-A372-B89842DF0E5A}.Release|Any CPU.ActiveCfg = Release|Any CPU
		{5AB43DE1-E783-4960-A372-B89842DF0E5A}.Release|Any CPU.Build.0 = Release|Any CPU
		{879EDCCB-2362-431A-AC62-415413217E65}.Debug|Any CPU.ActiveCfg = Debug|Any CPU
		{879EDCCB-2362-431A-AC62-415413217E65}.Debug|Any CPU.Build.0 = Debug|Any CPU
		{879EDCCB-2362-431A-AC62-415413217E65}.Release|Any CPU.ActiveCfg = Release|Any CPU
		{879EDCCB-2362-431A-AC62-415413217E65}.Release|Any CPU.Build.0 = Release|Any CPU
		{CA8995F3-EE84-4B63-A8B7-B805E1495554}.Debug|Any CPU.ActiveCfg = Debug|Any CPU
		{CA8995F3-EE84-4B63-A8B7-B805E1495554}.Debug|Any CPU.Build.0 = Debug|Any CPU
		{CA8995F3-EE84-4B63-A8B7-B805E1495554}.Release|Any CPU.ActiveCfg = Release|Any CPU
		{CA8995F3-EE84-4B63-A8B7-B805E1495554}.Release|Any CPU.Build.0 = Release|Any CPU
		{5B10518E-D9E9-4D9B-AA2D-65B1C823FD16}.Debug|Any CPU.ActiveCfg = Debug|Any CPU
		{5B10518E-D9E9-4D9B-AA2D-65B1C823FD16}.Debug|Any CPU.Build.0 = Debug|Any CPU
		{5B10518E-D9E9-4D9B-AA2D-65B1C823FD16}.Release|Any CPU.ActiveCfg = Release|Any CPU
		{5B10518E-D9E9-4D9B-AA2D-65B1C823FD16}.Release|Any CPU.Build.0 = Release|Any CPU
	EndGlobalSection
	GlobalSection(SolutionProperties) = preSolution
		HideSolutionNode = FALSE
	EndGlobalSection
	GlobalSection(ExtensibilityGlobals) = postSolution
		SolutionGuid = {590299DA-6071-444A-A56A-298BA1DABD8A}
	EndGlobalSection
EndGlobal
